
Microsoft Visual Studio Solution File, Format Version 12.00
Project("{FAE04EC0-301F-11D3-BF4B-00C04F79EFBC}") = "AutoDevOps.Stack", "AutoDevOps.Stack\AutoDevOps.Stack.csproj", "{869894E2-D339-4472-B5B7-3A421D7C4457}"
EndProject
Project("{FAE04EC0-301F-11D3-BF4B-00C04F79EFBC}") = "AutoDevOps", "AutoDevOps\AutoDevOps.csproj", "{6E9A3390-DE4B-4E0C-839D-E1C078AD23DB}"
EndProject
Global
	GlobalSection(SolutionConfigurationPlatforms) = preSolution
		Debug|Any CPU = Debug|Any CPU
		Release|Any CPU = Release|Any CPU
	EndGlobalSection
	GlobalSection(ProjectConfigurationPlatforms) = postSolution
		{869894E2-D339-4472-B5B7-3A421D7C4457}.Debug|Any CPU.ActiveCfg = Debug|Any CPU
		{869894E2-D339-4472-B5B7-3A421D7C4457}.Debug|Any CPU.Build.0 = Debug|Any CPU
		{869894E2-D339-4472-B5B7-3A421D7C4457}.Release|Any CPU.ActiveCfg = Release|Any CPU
		{869894E2-D339-4472-B5B7-3A421D7C4457}.Release|Any CPU.Build.0 = Release|Any CPU
		{6E9A3390-DE4B-4E0C-839D-E1C078AD23DB}.Debug|Any CPU.ActiveCfg = Debug|Any CPU
		{6E9A3390-DE4B-4E0C-839D-E1C078AD23DB}.Debug|Any CPU.Build.0 = Debug|Any CPU
		{6E9A3390-DE4B-4E0C-839D-E1C078AD23DB}.Release|Any CPU.ActiveCfg = Release|Any CPU
		{6E9A3390-DE4B-4E0C-839D-E1C078AD23DB}.Release|Any CPU.Build.0 = Release|Any CPU
	EndGlobalSection
EndGlobal
